{
    "version": 3,
    "terraform_version": "0.11.7",
    "serial": 24,
    "lineage": "50fec0f7-562e-2ab8-ac58-c6d0d4c404a3",
    "modules": [
        {
            "path": [
                "root"
            ],
            "outputs": {
                "first_output": {
                    "sensitive": false,
                    "type": "string",
                    "value": "this is the value through execution"
                },
                "gcp_subnet1": {
                    "sensitive": false,
                    "type": "string",
                    "value": "newsubnetname1"
                }
            },
            "resources": {
                "google_compute_instance.server2": {
                    "type": "google_compute_instance",
                    "depends_on": [
                        "google_compute_subnetwork.my-subnet"
                    ],
                    "primary": {
                        "id": "thesecondserver",
                        "attributes": {
                            "attached_disk.#": "0",
                            "boot_disk.#": "1",
                            "boot_disk.0.auto_delete": "true",
                            "boot_disk.0.device_name": "persistent-disk-0",
                            "boot_disk.0.disk_encryption_key_raw": "",
                            "boot_disk.0.disk_encryption_key_sha256": "",
                            "boot_disk.0.initialize_params.#": "1",
                            "boot_disk.0.initialize_params.0.image": "https://www.googleapis.com/compute/v1/projects/windows-cloud/global/images/windows-server-2016-dc-v20180710",
                            "boot_disk.0.initialize_params.0.size": "50",
                            "boot_disk.0.initialize_params.0.type": "pd-standard",
                            "boot_disk.0.source": "https://www.googleapis.com/compute/v1/projects/velvety-glyph-211700/zones/australia-southeast1-b/disks/thesecondserver",
                            "can_ip_forward": "false",
                            "cpu_platform": "Intel Broadwell",
                            "create_timeout": "4",
                            "deletion_protection": "false",
                            "guest_accelerator.#": "0",
                            "id": "thesecondserver",
                            "instance_id": "4031587899219684596",
                            "label_fingerprint": "42WmSpB8rSM=",
                            "labels.%": "0",
                            "machine_type": "n1-standard-1",
                            "metadata.%": "0",
                            "metadata_fingerprint": "_c0eHw65RCI=",
                            "metadata_startup_script": "",
                            "min_cpu_platform": "",
                            "name": "thesecondserver",
                            "network_interface.#": "1",
                            "network_interface.0.access_config.#": "0",
                            "network_interface.0.address": "10.0.1.2",
                            "network_interface.0.alias_ip_range.#": "0",
                            "network_interface.0.name": "nic0",
                            "network_interface.0.network": "https://www.googleapis.com/compute/v1/projects/velvety-glyph-211700/global/networks/vibnetwork",
                            "network_interface.0.network_ip": "10.0.1.2",
                            "network_interface.0.subnetwork": "https://www.googleapis.com/compute/v1/projects/velvety-glyph-211700/regions/australia-southeast1/subnetworks/newsubnetname1",
                            "network_interface.0.subnetwork_project": "velvety-glyph-211700",
                            "project": "velvety-glyph-211700",
                            "scheduling.#": "1",
                            "scheduling.0.automatic_restart": "false",
                            "scheduling.0.on_host_maintenance": "MIGRATE",
                            "scheduling.0.preemptible": "false",
                            "scratch_disk.#": "0",
                            "self_link": "https://www.googleapis.com/compute/v1/projects/velvety-glyph-211700/zones/australia-southeast1-b/instances/thesecondserver",
                            "service_account.#": "0",
                            "tags.#": "0",
                            "tags_fingerprint": "42WmSpB8rSM=",
                            "zone": "australia-southeast1-b"
                        },
                        "meta": {
                            "e2bfb730-ecaa-11e6-8f88-34363bc7c4c0": {
                                "create": 360000000000,
                                "delete": 360000000000,
                                "update": 360000000000
                            },
                            "schema_version": "6"
                        },
                        "tainted": false
                    },
                    "deposed": [],
                    "provider": "provider.google"
                },
                "google_compute_network.my_network": {
                    "type": "google_compute_network",
                    "depends_on": [],
                    "primary": {
                        "id": "vibnetwork",
                        "attributes": {
                            "auto_create_subnetworks": "false",
                            "description": "",
                            "gateway_ipv4": "",
                            "id": "vibnetwork",
                            "ipv4_range": "",
                            "name": "vibnetwork",
                            "project": "velvety-glyph-211700",
                            "routing_mode": "REGIONAL",
                            "self_link": "https://www.googleapis.com/compute/v1/projects/velvety-glyph-211700/global/networks/vibnetwork"
                        },
                        "meta": {},
                        "tainted": false
                    },
                    "deposed": [],
                    "provider": "provider.google"
                },
                "google_compute_subnetwork.my-subnet": {
                    "type": "google_compute_subnetwork",
                    "depends_on": [
                        "google_compute_network.my_network"
                    ],
                    "primary": {
                        "id": "australia-southeast1/newsubnetname1",
                        "attributes": {
                            "creation_timestamp": "2018-08-09T21:18:19.072-07:00",
                            "description": "",
                            "enable_flow_logs": "false",
                            "fingerprint": "eZG7z33-k-U=",
                            "gateway_address": "10.0.1.1",
                            "id": "australia-southeast1/newsubnetname1",
                            "ip_cidr_range": "10.0.1.0/24",
                            "name": "newsubnetname1",
                            "network": "https://www.googleapis.com/compute/beta/projects/velvety-glyph-211700/global/networks/vibnetwork",
                            "private_ip_google_access": "false",
                            "project": "velvety-glyph-211700",
                            "region": "australia-southeast1",
                            "secondary_ip_range.#": "0",
                            "self_link": "https://www.googleapis.com/compute/v1/projects/velvety-glyph-211700/regions/australia-southeast1/subnetworks/newsubnetname1"
                        },
                        "meta": {
                            "e2bfb730-ecaa-11e6-8f88-34363bc7c4c0": {
                                "create": 360000000000,
                                "delete": 360000000000,
                                "update": 360000000000
                            }
                        },
                        "tainted": false
                    },
                    "deposed": [],
                    "provider": "provider.google"
                },
                "google_compute_subnetwork.my-subnet2": {
                    "type": "google_compute_subnetwork",
                    "depends_on": [
                        "google_compute_network.my_network"
                    ],
                    "primary": {
                        "id": "australia-southeast1/newname2",
                        "attributes": {
                            "creation_timestamp": "2018-08-09T21:22:47.045-07:00",
                            "description": "",
                            "enable_flow_logs": "false",
                            "fingerprint": "Ih4KQW9lgVI=",
                            "gateway_address": "10.0.2.1",
                            "id": "australia-southeast1/newname2",
                            "ip_cidr_range": "10.0.2.0/24",
                            "name": "newname2",
                            "network": "https://www.googleapis.com/compute/beta/projects/velvety-glyph-211700/global/networks/vibnetwork",
                            "private_ip_google_access": "false",
                            "project": "velvety-glyph-211700",
                            "region": "australia-southeast1",
                            "secondary_ip_range.#": "0",
                            "self_link": "https://www.googleapis.com/compute/v1/projects/velvety-glyph-211700/regions/australia-southeast1/subnetworks/newname2"
                        },
                        "meta": {
                            "e2bfb730-ecaa-11e6-8f88-34363bc7c4c0": {
                                "create": 360000000000,
                                "delete": 360000000000,
                                "update": 360000000000
                            }
                        },
                        "tainted": false
                    },
                    "deposed": [],
                    "provider": "provider.google"
                },
                "google_container_cluster.kubey": {
                    "type": "google_container_cluster",
                    "depends_on": [],
                    "primary": {
                        "id": "kubeycluster",
                        "attributes": {
                            "additional_zones.#": "0",
                            "addons_config.#": "1",
                            "addons_config.0.horizontal_pod_autoscaling.#": "0",
                            "addons_config.0.http_load_balancing.#": "0",
                            "addons_config.0.kubernetes_dashboard.#": "0",
                            "addons_config.0.network_policy_config.#": "1",
                            "addons_config.0.network_policy_config.0.disabled": "true",
                            "cluster_ipv4_cidr": "10.24.0.0/14",
                            "description": "",
                            "enable_kubernetes_alpha": "false",
                            "enable_legacy_abac": "false",
                            "endpoint": "35.189.49.103",
                            "id": "kubeycluster",
                            "initial_node_count": "2",
                            "instance_group_urls.#": "1",
                            "instance_group_urls.0": "https://www.googleapis.com/compute/v1/projects/velvety-glyph-211700/zones/australia-southeast1-b/instanceGroups/gke-kubeycluster-default-pool-e0761a90-grp",
                            "ip_allocation_policy.#": "0",
                            "logging_service": "logging.googleapis.com",
                            "maintenance_policy.#": "0",
                            "master_auth.#": "1",
                            "master_auth.0.client_certificate": "LS0tLS1CRUdJTiBDRVJUSUZJQ0FURS0tLS0tCk1JSUMyakNDQWNLZ0F3SUJBZ0lRSE9HeHBuVktzdUNJZEVkTnJDdWlVREFOQmdrcWhraUc5dzBCQVFzRkFEQXYKTVMwd0t3WURWUVFERXlSaE1ETXdNVFE1TXkxaVl6QXdMVFJpTW1FdFlUWmtZeTAwWldaa1lXVmxaVGN4TW1VdwpIaGNOTVRnd09ERXdNREkwTXpBNVdoY05Nak13T0RBNU1ESTBNekE1V2pBUk1ROHdEUVlEVlFRREV3WmpiR2xsCmJuUXdnZ0VpTUEwR0NTcUdTSWIzRFFFQkFRVUFBNElCRHdBd2dnRUtBb0lCQVFEU0dMbkxIUnVnRlNMSWlZSDAKTFhaZWM4MXpxY1RsSGxSTXB1WHdLVS9SNklsVjY0YllxaTV1Y0RvdHFkMjJLZTJRQmZTY0Q0U3VTc2I4U1FlRwp6RTk2ZEdTaXBZVlNVWWdHdVR4dXRxS1FtYjZyV0xvYTlYUzIxUmswMFRORWlTLzUySUlrQzgyT3FsODJ0TEZqClJmRkpMTHo0R24yQzRDUXg5Tks3c0IxRDZoczBRZFhGcUN1ZFc1NTljTlAxb0NURm9Rejhnd2JlaXM3Mm51bUsKMDQvMSs3WC80bHllbUJHd0dpM0hHWnFyclhZSWY1Qlk1ajdpM0h5Y080UVNKR0d2a2daN25KRTRoK2ZiRWhsRgpleFZwK0RaSnd3OFpIVDVKKzNlaTBTNkdOMjJZUTJxZHR4ZWU1SXhDK1lkN3hWZGxtWGZzQnJYZUxSTzVBMVVICjA0Z2JBZ01CQUFHakVEQU9NQXdHQTFVZEV3RUIvd1FDTUFBd0RRWUpLb1pJaHZjTkFRRUxCUUFEZ2dFQkFFUVIKWFBuMmR3OWdaR3dFb3FZQXE4UVFQQ2RSSzZ5d0hFaDJ3SlJnT0JvanpzaXN5QVlkK1EyQ0MwbUxSa1ErWnlTYgoyOVhTRHZhNmd5SmxvYzIrRk1LYlI5OEs5RnBFUEwzcEdGbmtUc0Z3bmFuMjlsLzlFdGdoYVhHZVFnNU5ER0g3CmJCYlBwTlprWHVVNzdoK295Vkh6YmpSaUk3b2owSUw3UlVob2dyV3VkWDBmS0o3cWQ4WWZvNWJwNlhrREVkTEcKQ0lHS1NqTWExTk9MRk4reGZKb1JyRGpHNFB2dm4zVllZUXlqUWxmcmdyclM1WU8rc3pSa1hvakRRUUhvNkYwUgpaeUVUejRmejNtYjkzbHFxOXBTdmdtcUxnakU5NlRwY083QkMvWUhzdlF4SlBIajNjbUFrby95Mmx5bXB0VS9LCnNKRXIwZ0lSeXpENVNkMWxSZ009Ci0tLS0tRU5EIENFUlRJRklDQVRFLS0tLS0K",
                            "master_auth.0.client_certificate_config.#": "0",
                            "master_auth.0.client_key": "LS0tLS1CRUdJTiBSU0EgUFJJVkFURSBLRVktLS0tLQpNSUlFb3dJQkFBS0NBUUVBMGhpNXl4MGJvQlVpeUltQjlDMTJYblBOYzZuRTVSNVVUS2JsOENsUDBlaUpWZXVHCjJLb3VibkE2TGFuZHRpbnRrQVgwbkErRXJrckcvRWtIaHN4UGVuUmtvcVdGVWxHSUJyazhicmFpa0ptK3ExaTYKR3ZWMHR0VVpOTkV6UklrditkaUNKQXZOanFwZk5yU3hZMFh4U1N5OCtCcDlndUFrTWZUU3U3QWRRK29iTkVIVgp4YWdyblZ1ZWZYRFQ5YUFreGFFTS9JTUczb3JPOXA3cGl0T1A5ZnUxLytKY25wZ1JzQm90eHhtYXE2MTJDSCtRCldPWSs0dHg4bkR1RUVpUmhyNUlHZTV5Uk9JZm4yeElaUlhzVmFmZzJTY01QR1IwK1NmdDNvdEV1aGpkdG1FTnEKbmJjWG51U01Rdm1IZThWWFpabDM3QWExM2kwVHVRTlZCOU9JR3dJREFRQUJBb0lCQUIvd3JsNURWZTNTWGhxMQpVbEppNUU5R1g2eitoRXZUZnBGZ3E0TUZaTTNPclFKVG1qUGFPM3VDc3ZXUGtOWDBMZHBBR0RORU8xeEdvS3NUCmJJSXJ2Qndydkc1QVVsMGZhVm4yL2ZSVVE3Rk91UDZuc0lpNkJEMFV6STQyWW1CQVV2dUlLaVluWitBUk9xOFYKd3E5Z1NoRzJnWGF6NEVlWW9uMWpHNTU1RHhuc2VMcEhYRHFxRU1xKzd0SjNyYWIwZDhHNFRrUmJZaTZUNi9VMAp4eWQybW1RcXh3MzM5cllRaE5LNXFtTDRlMFU3NGw2YzFPdE85WFBxMURqdXVSd0YzZUU1Q0F4S0s4R2N4MFBjCjhwS2lFZ28zU0c5andhSlkrRzlham94YVBaTXVKNE1YUUtkTnVNR3pHeUJtSWplVFVUTSsxeWVwekhEOEEwUmEKbXNrL2E2RUNnWUVBOHh3cktGa0EzS1kzU2h5Y0NGbFZvd2VJYzdwbDcyb3FaUTFGTkRTNHYxK2dING5VMy9wagpIbjFPTmVhR28reDVUcEQwdnVSVEtRZVB6R1J6WVZ2a3Zod1NFRTl6RCtlRHlDeGt6ZklJK0I5aWRCWWpyNEYxCmdhRm5ibXM0aDVneW1EUDZRN3A2TUdjMmNWWXpYM1crOFk2K250SjNqb2dNWnNOUmcvQ2RNSGtDZ1lFQTNUeHoKdzFsNlpFNFV3THpTSHIyZk5mMi9ZNEdObFl1djZqdlR1cjQ1VTN6MWY3cHhEMmZ5c0FCMU1pL1BVbW45T3VuTQptMzV4dTFzeXQyc2NsVFFLSEtMdFhvSXA0WHlsOVNhR3drUkZCNHZ6aXZuZnljWjlJZ29mVFJoVTlVL2VrTTYrCkwrSXFqbFNVdjl3Mk01ZnBYRTBEVUpDaXpHa0NnUkNLTHlLaDRETUNnWUFubEpoNk16TnV1U2tiU2RrbGl0WGsKZXg5K0tBVGNtOTVYSVhmNDdmUitRK1ZmL1NMSmJJeWl0Q2Y5b3BDZE02ejBXNmxkUXZNL0pOb0dudndpQjhJUQpLYVhQUGdBdndMTzE3WFJrQzFubWU4V2R2TlVHaC85SG9hMmpUcFdmamVuKzJjZVBLMWNsZGtobzMyM3h4c3ZWCnJEWGd5Y2RwVDBFbG9mc3RqZ2twa1FLQmdRQ3B2aGNuM0FBKzgzV1N4NDBEendOWDNuKzRyZzdlblpWMFIwRFYKTjl3dUJXTXJBL1o1Rm8wcW9yOUlxVXdOZElxNVorYjNxdFZDSmQvTXdON21UMDR1MkliOUN5dHMrVUV2emNaNQpTUDRab3pSUi9oUEk4WVRTMkNkWjlJQkMwMnYxZU5xTlRKN1FJMjhab2JEb2R2YXlQZGg4T096Zm52WXY1bXZQCmJHZjg1d0tCZ0JZNjZlV3k5aXJJbW5wRFJTZkU0a3BtN0l5cHYrT2hDazNNcHh0dEs5TnU5ZDhvVDRLbkNLSTUKc2NYMmIwdzBielpJTkNyRFVuOElwY1RwelkwaS9VQXdjOTNwbHgyakhaMjBlSittNDBjN0NHYS9tSzJ0THR4cwpIMG02alhWUWJNMTZKSVBiVGNsUnluKyt1N0pHYlduTVhrVWo0V0pvc3lHUnduTXVPZHl2Ci0tLS0tRU5EIFJTQSBQUklWQVRFIEtFWS0tLS0tCg==",
                            "master_auth.0.cluster_ca_certificate": "LS0tLS1CRUdJTiBDRVJUSUZJQ0FURS0tLS0tCk1JSURERENDQWZTZ0F3SUJBZ0lSQU9GcXUvSDBSZWhqL3pvVnh2cGhtRDR3RFFZSktvWklodmNOQVFFTEJRQXcKTHpFdE1Dc0dBMVVFQXhNa1lUQXpNREUwT1RNdFltTXdNQzAwWWpKaExXRTJaR010TkdWbVpHRmxaV1UzTVRKbApNQjRYRFRFNE1EZ3hNREF4TkRNd09Gb1hEVEl6TURnd09UQXlORE13T0Zvd0x6RXRNQ3NHQTFVRUF4TWtZVEF6Ck1ERTBPVE10WW1Nd01DMDBZakpoTFdFMlpHTXROR1ZtWkdGbFpXVTNNVEpsTUlJQklqQU5CZ2txaGtpRzl3MEIKQVFFRkFBT0NBUThBTUlJQkNnS0NBUUVBNmYwK2FwQTd3ZTcvdmdKcWYyVE9oeHB3aEdEVHFoNXlBMGw1MVFzOAozNlZYMktrekZNTTJrRFB1OTBUaHYwUHVUVVVCNm9LcmV1VFkyOUJFbEpITnlZWXNCQkJvTDZXRHlpdWw5OFlCCm5pRUlLRGRKM1FVZkdWNXM5UlJmd3FEcVFvb0NFYXA2ckNwOGYvSVJhMGxNalFRRWRnUjBWZWtiTGNpS083TTgKYkluU3hCc2UvNHZRMWVGdzEvcU9uMWN2SWdRNWJGcSt5MVZqb2lMdGFHaEcxSSsrb21PU0xtbFpzY2FaQmtFUQp0MlVZRUJsMEgwUTRqNFpFcE1PYm96ekxLZnh0RFBoNXJFUHRpRVdLT2YxZ3JDc01hQm5KNkNOejA1dXl1S2FxCkRrbWlrVy9CWDM0Qkhtc0FrQmVhbFNjVnFyNlFhbkpUL3BUMGZLQk16RHdiOHdJREFRQUJveU13SVRBT0JnTlYKSFE4QkFmOEVCQU1DQWdRd0R3WURWUjBUQVFIL0JBVXdBd0VCL3pBTkJna3Foa2lHOXcwQkFRc0ZBQU9DQVFFQQpodVhOQUlzUldQKzlXWXF1QkRXUnFjbU0vdnJPSkphejlnTk1ncWdJek1TaEdFUHdKM3hvNjBCa2lrbkJsUG9WCk5DSU5OS0NJTHZlUmRONGZaYXN4c1lsV0VZSGRQTkhxMWtqT0tIM1NLaGlxZnRWLzF0MUlkdW5ZS1hPWjNETVcKTFBDZzVPcHBZQmd2SGp5OU56aUZCZlRneEZlUXcvQnU4eXQ0MUl3bEFnTzduV3NUZWhKN3ExWTJvY3QyUnRnaQpDanRjNzNYd0diUGdFOXFCU1BaejdFN2p3aU9wU3RoeldCdjNTUkFOSHVNZ1FIV3NOa2sweEdDb21HNjRTSlk3ClZoL28zKzlCNlJ3OXpDLzQ5OG56Y0o3KzY2VkhiOWxQOFZvNXZDblZwWkRhK0lMUXpnNFdpaUNTVHNDazZRMG8KZzEzUmRLWEgwTi81NVlQRnFER2pmdz09Ci0tLS0tRU5EIENFUlRJRklDQVRFLS0tLS0K",
                            "master_auth.0.password": "vibhutichalise16",
                            "master_auth.0.username": "vibhuti-abhi",
                            "master_authorized_networks_config.#": "0",
                            "master_ipv4_cidr_block": "",
                            "master_version": "1.9.7-gke.5",
                            "monitoring_service": "monitoring.googleapis.com",
                            "name": "kubeycluster",
                            "network": "projects/velvety-glyph-211700/global/networks/default",
                            "network_policy.#": "1",
                            "network_policy.0.enabled": "false",
                            "network_policy.0.provider": "PROVIDER_UNSPECIFIED",
                            "node_config.#": "1",
                            "node_config.0.disk_size_gb": "100",
                            "node_config.0.disk_type": "pd-standard",
                            "node_config.0.guest_accelerator.#": "0",
                            "node_config.0.image_type": "COS",
                            "node_config.0.labels.%": "1",
                            "node_config.0.labels.this-is-for": "dev-cluster",
                            "node_config.0.local_ssd_count": "0",
                            "node_config.0.machine_type": "n1-standard-1",
                            "node_config.0.metadata.%": "0",
                            "node_config.0.min_cpu_platform": "",
                            "node_config.0.oauth_scopes.#": "4",
                            "node_config.0.oauth_scopes.1277378754": "https://www.googleapis.com/auth/monitoring",
                            "node_config.0.oauth_scopes.1632638332": "https://www.googleapis.com/auth/devstorage.read_only",
                            "node_config.0.oauth_scopes.172152165": "https://www.googleapis.com/auth/logging.write",
                            "node_config.0.oauth_scopes.299962681": "https://www.googleapis.com/auth/compute",
                            "node_config.0.preemptible": "false",
                            "node_config.0.service_account": "default",
                            "node_config.0.tags.#": "2",
                            "node_config.0.tags.0": "dev",
                            "node_config.0.tags.1": "work",
                            "node_config.0.taint.#": "0",
                            "node_config.0.workload_metadata_config.#": "0",
                            "node_pool.#": "1",
                            "node_pool.0.autoscaling.#": "0",
                            "node_pool.0.initial_node_count": "2",
                            "node_pool.0.instance_group_urls.#": "1",
                            "node_pool.0.instance_group_urls.0": "https://www.googleapis.com/compute/v1/projects/velvety-glyph-211700/zones/australia-southeast1-b/instanceGroupManagers/gke-kubeycluster-default-pool-e0761a90-grp",
                            "node_pool.0.management.#": "1",
                            "node_pool.0.management.0.auto_repair": "false",
                            "node_pool.0.management.0.auto_upgrade": "false",
                            "node_pool.0.name": "default-pool",
                            "node_pool.0.name_prefix": "",
                            "node_pool.0.node_config.#": "1",
                            "node_pool.0.node_config.0.disk_size_gb": "100",
                            "node_pool.0.node_config.0.disk_type": "pd-standard",
                            "node_pool.0.node_config.0.guest_accelerator.#": "0",
                            "node_pool.0.node_config.0.image_type": "COS",
                            "node_pool.0.node_config.0.labels.%": "1",
                            "node_pool.0.node_config.0.labels.this-is-for": "dev-cluster",
                            "node_pool.0.node_config.0.local_ssd_count": "0",
                            "node_pool.0.node_config.0.machine_type": "n1-standard-1",
                            "node_pool.0.node_config.0.metadata.%": "0",
                            "node_pool.0.node_config.0.min_cpu_platform": "",
                            "node_pool.0.node_config.0.oauth_scopes.#": "4",
                            "node_pool.0.node_config.0.oauth_scopes.1277378754": "https://www.googleapis.com/auth/monitoring",
                            "node_pool.0.node_config.0.oauth_scopes.1632638332": "https://www.googleapis.com/auth/devstorage.read_only",
                            "node_pool.0.node_config.0.oauth_scopes.172152165": "https://www.googleapis.com/auth/logging.write",
                            "node_pool.0.node_config.0.oauth_scopes.299962681": "https://www.googleapis.com/auth/compute",
                            "node_pool.0.node_config.0.preemptible": "false",
                            "node_pool.0.node_config.0.service_account": "default",
                            "node_pool.0.node_config.0.tags.#": "2",
                            "node_pool.0.node_config.0.tags.0": "dev",
                            "node_pool.0.node_config.0.tags.1": "work",
                            "node_pool.0.node_config.0.taint.#": "0",
                            "node_pool.0.node_config.0.workload_metadata_config.#": "0",
                            "node_pool.0.node_count": "2",
                            "node_pool.0.version": "1.9.7-gke.5",
                            "node_version": "1.9.7-gke.5",
                            "pod_security_policy_config.#": "0",
                            "private_cluster": "false",
                            "project": "velvety-glyph-211700",
                            "resource_labels.%": "0",
                            "subnetwork": "projects/velvety-glyph-211700/regions/australia-southeast1/subnetworks/default",
                            "zone": "australia-southeast1-b"
                        },
                        "meta": {
                            "e2bfb730-ecaa-11e6-8f88-34363bc7c4c0": {
                                "create": 1800000000000,
                                "delete": 600000000000,
                                "update": 600000000000
                            },
                            "schema_version": "1"
                        },
                        "tainted": false
                    },
                    "deposed": [],
                    "provider": "provider.google"
                }
            },
            "depends_on": []
        }
    ]
}
